{
  "pins" : [
    {
      "identity" : "jshelper",
      "kind" : "remoteSourceControl",
      "location" : "https://github.com/JemAlvarez/JsHelper",
      "state" : {
        "branch" : "master",
        "revision" : "cece1174376d9a13af056d6afa7d5c05c02ec26e"
      }
    },
    {
      "identity" : "onboarder",
      "kind" : "remoteSourceControl",
      "location" : "https://github.com/JemAlvarez/onboarder",
      "state" : {
        "branch" : "master",
        "revision" : "b35003b8b0018db2840b8bca8688979e80ee51d1"
      }
    }
  ],
  "version" : 2
}
